// !$*UTF8*$!
{
	archiveVersion = 1;
	classes = {
	};
	objectVersion = 55;
	objects = {

/* Begin PBXBuildFile section */
		B423815927DBED2B00E66E0F /* AppDelegate.swift in Sources */ = {isa = PBXBuildFile; fileRef = B423815827DBED2B00E66E0F /* AppDelegate.swift */; };
		B423815B27DBED2B00E66E0F /* SceneDelegate.swift in Sources */ = {isa = PBXBuildFile; fileRef = B423815A27DBED2B00E66E0F /* SceneDelegate.swift */; };
		B423815D27DBED2B00E66E0F /* ViewController.swift in Sources */ = {isa = PBXBuildFile; fileRef = B423815C27DBED2B00E66E0F /* ViewController.swift */; };
		B423816027DBED2B00E66E0F /* Main.storyboard in Resources */ = {isa = PBXBuildFile; fileRef = B423815E27DBED2B00E66E0F /* Main.storyboard */; };
		B423816327DBED2B00E66E0F /* demo.xcdatamodeld in Sources */ = {isa = PBXBuildFile; fileRef = B423816127DBED2B00E66E0F /* demo.xcdatamodeld */; };
		B423816527DBED2C00E66E0F /* Assets.xcassets in Resources */ = {isa = PBXBuildFile; fileRef = B423816427DBED2C00E66E0F /* Assets.xcassets */; };
		B423816827DBED2C00E66E0F /* LaunchScreen.storyboard in Resources */ = {isa = PBXBuildFile; fileRef = B423816627DBED2C00E66E0F /* LaunchScreen.storyboard */; };
		B423817327DBED2C00E66E0F /* demoTests.swift in Sources */ = {isa = PBXBuildFile; fileRef = B423817227DBED2C00E66E0F /* demoTests.swift */; };
		B423817D27DBED2C00E66E0F /* demoUITests.swift in Sources */ = {isa = PBXBuildFile; fileRef = B423817C27DBED2C00E66E0F /* demoUITests.swift */; };
		B423817F27DBED2C00E66E0F /* demoUITestsLaunchTests.swift in Sources */ = {isa = PBXBuildFile; fileRef = B423817E27DBED2C00E66E0F /* demoUITestsLaunchTests.swift */; };
/* End PBXBuildFile section */

/* Begin PBXContainerItemProxy section */
		B423816F27DBED2C00E66E0F /* PBXContainerItemProxy */ = {
			isa = PBXContainerItemProxy;
			containerPortal = B423814D27DBED2B00E66E0F /* Project object */;
			proxyType = 1;
			remoteGlobalIDString = B423815427DBED2B00E66E0F;
			remoteInfo = demo;
		};
		B423817927DBED2C00E66E0F /* PBXContainerItemProxy */ = {
			isa = PBXContainerItemProxy;
			containerPortal = B423814D27DBED2B00E66E0F /* Project object */;
			proxyType = 1;
			remoteGlobalIDString = B423815427DBED2B00E66E0F;
			remoteInfo = demo;
		};
/* End PBXContainerItemProxy section */

/* Begin PBXFileReference section */
		B423815527DBED2B00E66E0F /* demo.app */ = {isa = PBXFileReference; explicitFileType = wrapper.application; includeInIndex = 0; path = demo.app; sourceTree = BUILT_PRODUCTS_DIR; };
		B423815827DBED2B00E66E0F /* AppDelegate.swift */ = {isa = PBXFileReference; lastKnownFileType = sourcecode.swift; path = AppDelegate.swift; sourceTree = "<group>"; };
		B423815A27DBED2B00E66E0F /* SceneDelegate.swift */ = {isa = PBXFileReference; lastKnownFileType = sourcecode.swift; path = SceneDelegate.swift; sourceTree = "<group>"; };
		B423815C27DBED2B00E66E0F /* ViewController.swift */ = {isa = PBXFileReference; lastKnownFileType = sourcecode.swift; path = ViewController.swift; sourceTree = "<group>"; };
		B423815F27DBED2B00E66E0F /* Base */ = {isa = PBXFileReference; lastKnownFileType = file.storyboard; name = Base; path = Base.lproj/Main.storyboard; sourceTree = "<group>"; };
		B423816227DBED2B00E66E0F /* demo.xcdatamodel */ = {isa = PBXFileReference; lastKnownFileType = wrapper.xcdatamodel; path = demo.xcdatamodel; sourceTree = "<group>"; };
		B423816427DBED2C00E66E0F /* Assets.xcassets */ = {isa = PBXFileReference; lastKnownFileType = folder.assetcatalog; path = Assets.xcassets; sourceTree = "<group>"; };
		B423816727DBED2C00E66E0F /* Base */ = {isa = PBXFileReference; lastKnownFileType = file.storyboard; name = Base; path = Base.lproj/LaunchScreen.storyboard; sourceTree = "<group>"; };
		B423816927DBED2C00E66E0F /* Info.plist */ = {isa = PBXFileReference; lastKnownFileType = text.plist.xml; path = Info.plist; sourceTree = "<group>"; };
		B423816E27DBED2C00E66E0F /* demoTests.xctest */ = {isa = PBXFileReference; explicitFileType = wrapper.cfbundle; includeInIndex = 0; path = demoTests.xctest; sourceTree = BUILT_PRODUCTS_DIR; };
		B423817227DBED2C00E66E0F /* demoTests.swift */ = {isa = PBXFileReference; lastKnownFileType = sourcecode.swift; path = demoTests.swift; sourceTree = "<group>"; };
		B423817827DBED2C00E66E0F /* demoUITests.xctest */ = {isa = PBXFileReference; explicitFileType = wrapper.cfbundle; includeInIndex = 0; path = demoUITests.xctest; sourceTree = BUILT_PRODUCTS_DIR; };
		B423817C27DBED2C00E66E0F /* demoUITests.swift */ = {isa = PBXFileReference; lastKnownFileType = sourcecode.swift; path = demoUITests.swift; sourceTree = "<group>"; };
		B423817E27DBED2C00E66E0F /* demoUITestsLaunchTests.swift */ = {isa = PBXFileReference; lastKnownFileType = sourcecode.swift; path = demoUITestsLaunchTests.swift; sourceTree = "<group>"; };
/* End PBXFileReference section */

/* Begin PBXFrameworksBuildPhase section */
		B423815227DBED2B00E66E0F /* Frameworks */ = {
			isa = PBXFrameworksBuildPhase;
			buildActionMask = 2147483647;
			files = (
			);
			runOnlyForDeploymentPostprocessing = 0;
		};
		B423816B27DBED2C00E66E0F /* Frameworks */ = {
			isa = PBXFrameworksBuildPhase;
			buildActionMask = 2147483647;
			files = (
			);
			runOnlyForDeploymentPostprocessing = 0;
		};
		B423817527DBED2C00E66E0F /* Frameworks */ = {
			isa = PBXFrameworksBuildPhase;
			buildActionMask = 2147483647;
			files = (
			);
			runOnlyForDeploymentPostprocessing = 0;
		};
/* End PBXFrameworksBuildPhase section */

/* Begin PBXGroup section */
		B423814C27DBED2B00E66E0F = {
			isa = PBXGroup;
			children = (
				B423815727DBED2B00E66E0F /* demo */,
				B423817127DBED2C00E66E0F /* demoTests */,
				B423817B27DBED2C00E66E0F /* demoUITests */,
				B423815627DBED2B00E66E0F /* Products */,
			);
			sourceTree = "<group>";
		};
		B423815627DBED2B00E66E0F /* Products */ = {
			isa = PBXGroup;
			children = (
				B423815527DBED2B00E66E0F /* demo.app */,
				B423816E27DBED2C00E66E0F /* demoTests.xctest */,
				B423817827DBED2C00E66E0F /* demoUITests.xctest */,
			);
			name = Products;
			sourceTree = "<group>";
		};
		B423815727DBED2B00E66E0F /* demo */ = {
			isa = PBXGroup;
			children = (
				B423815827DBED2B00E66E0F /* AppDelegate.swift */,
				B423815A27DBED2B00E66E0F /* SceneDelegate.swift */,
				B423815C27DBED2B00E66E0F /* ViewController.swift */,
				B423815E27DBED2B00E66E0F /* Main.storyboard */,
				B423816427DBED2C00E66E0F /* Assets.xcassets */,
				B423816627DBED2C00E66E0F /* LaunchScreen.storyboard */,
				B423816927DBED2C00E66E0F /* Info.plist */,
				B423816127DBED2B00E66E0F /* demo.xcdatamodeld */,
			);
			path = demo;
			sourceTree = "<group>";
		};
		B423817127DBED2C00E66E0F /* demoTests */ = {
			isa = PBXGroup;
			children = (
				B423817227DBED2C00E66E0F /* demoTests.swift */,
			);
			path = demoTests;
			sourceTree = "<group>";
		};
		B423817B27DBED2C00E66E0F /* demoUITests */ = {
			isa = PBXGroup;
			children = (
				B423817C27DBED2C00E66E0F /* demoUITests.swift */,
				B423817E27DBED2C00E66E0F /* demoUITestsLaunchTests.swift */,
			);
			path = demoUITests;
			sourceTree = "<group>";
		};
/* End PBXGroup section */

/* Begin PBXNativeTarget section */
		B423815427DBED2B00E66E0F /* demo */ = {
			isa = PBXNativeTarget;
			buildConfigurationList = B423818227DBED2C00E66E0F /* Build configuration list for PBXNativeTarget "demo" */;
			buildPhases = (
				B423815127DBED2B00E66E0F /* Sources */,
				B423815227DBED2B00E66E0F /* Frameworks */,
				B423815327DBED2B00E66E0F /* Resources */,
			);
			buildRules = (
			);
			dependencies = (
			);
			name = demo;
			productName = demo;
			productReference = B423815527DBED2B00E66E0F /* demo.app */;
			productType = "com.apple.product-type.application";
		};
		B423816D27DBED2C00E66E0F /* demoTests */ = {
			isa = PBXNativeTarget;
			buildConfigurationList = B423818527DBED2C00E66E0F /* Build configuration list for PBXNativeTarget "demoTests" */;
			buildPhases = (
				B423816A27DBED2C00E66E0F /* Sources */,
				B423816B27DBED2C00E66E0F /* Frameworks */,
				B423816C27DBED2C00E66E0F /* Resources */,
			);
			buildRules = (
			);
			dependencies = (
				B423817027DBED2C00E66E0F /* PBXTargetDependency */,
			);
			name = demoTests;
			productName = demoTests;
			productReference = B423816E27DBED2C00E66E0F /* demoTests.xctest */;
			productType = "com.apple.product-type.bundle.unit-test";
		};
		B423817727DBED2C00E66E0F /* demoUITests */ = {
			isa = PBXNativeTarget;
			buildConfigurationList = B423818827DBED2C00E66E0F /* Build configuration list for PBXNativeTarget "demoUITests" */;
			buildPhases = (
				B423817427DBED2C00E66E0F /* Sources */,
				B423817527DBED2C00E66E0F /* Frameworks */,
				B423817627DBED2C00E66E0F /* Resources */,
			);
			buildRules = (
			);
			dependencies = (
				B423817A27DBED2C00E66E0F /* PBXTargetDependency */,
			);
			name = demoUITests;
			productName = demoUITests;
			productReference = B423817827DBED2C00E66E0F /* demoUITests.xctest */;
			productType = "com.apple.product-type.bundle.ui-testing";
		};
/* End PBXNativeTarget section */

/* Begin PBXProject section */
		B423814D27DBED2B00E66E0F /* Project object */ = {
			isa = PBXProject;
			attributes = {
				BuildIndependentTargetsInParallel = 1;
				LastSwiftUpdateCheck = 1320;
				LastUpgradeCheck = 1320;
				TargetAttributes = {
					B423815427DBED2B00E66E0F = {
						CreatedOnToolsVersion = 13.2.1;
					};
					B423816D27DBED2C00E66E0F = {
						CreatedOnToolsVersion = 13.2.1;
						TestTargetID = B423815427DBED2B00E66E0F;
					};
					B423817727DBED2C00E66E0F = {
						CreatedOnToolsVersion = 13.2.1;
						TestTargetID = B423815427DBED2B00E66E0F;
					};
				};
			};
			buildConfigurationList = B423815027DBED2B00E66E0F /* Build configuration list for PBXProject "demo" */;
			compatibilityVersion = "Xcode 13.0";
			developmentRegion = en;
			hasScannedForEncodings = 0;
			knownRegions = (
				en,
				Base,
			);
			mainGroup = B423814C27DBED2B00E66E0F;
			productRefGroup = B423815627DBED2B00E66E0F /* Products */;
			projectDirPath = "";
			projectRoot = "";
			targets = (
				B423815427DBED2B00E66E0F /* demo */,
				B423816D27DBED2C00E66E0F /* demoTests */,
				B423817727DBED2C00E66E0F /* demoUITests */,
			);
		};
/* End PBXProject section */

/* Begin PBXResourcesBuildPhase section */
		B423815327DBED2B00E66E0F /* Resources */ = {
			isa = PBXResourcesBuildPhase;
			buildActionMask = 2147483647;
			files = (
				B423816827DBED2C00E66E0F /* LaunchScreen.storyboard in Resources */,
				B423816527DBED2C00E66E0F /* Assets.xcassets in Resources */,
				B423816027DBED2B00E66E0F /* Main.storyboard in Resources */,
			);
			runOnlyForDeploymentPostprocessing = 0;
		};
		B423816C27DBED2C00E66E0F /* Resources */ = {
			isa = PBXResourcesBuildPhase;
			buildActionMask = 2147483647;
			files = (
			);
			runOnlyForDeploymentPostprocessing = 0;
		};
		B423817627DBED2C00E66E0F /* Resources */ = {
			isa = PBXResourcesBuildPhase;
			buildActionMask = 2147483647;
			files = (
			);
			runOnlyForDeploymentPostprocessing = 0;
		};
/* End PBXResourcesBuildPhase section */

/* Begin PBXSourcesBuildPhase section */
		B423815127DBED2B00E66E0F /* Sources */ = {
			isa = PBXSourcesBuildPhase;
			buildActionMask = 2147483647;
			files = (
				B423815D27DBED2B00E66E0F /* ViewController.swift in Sources */,
				B423815927DBED2B00E66E0F /* AppDelegate.swift in Sources */,
				B423816327DBED2B00E66E0F /* demo.xcdatamodeld in Sources */,
				B423815B27DBED2B00E66E0F /* SceneDelegate.swift in Sources */,
			);
			runOnlyForDeploymentPostprocessing = 0;
		};
		B423816A27DBED2C00E66E0F /* Sources */ = {
			isa = PBXSourcesBuildPhase;
			buildActionMask = 2147483647;
			files = (
				B423817327DBED2C00E66E0F /* demoTests.swift in Sources */,
			);
			runOnlyForDeploymentPostprocessing = 0;
		};
		B423817427DBED2C00E66E0F /* Sources */ = {
			isa = PBXSourcesBuildPhase;
			buildActionMask = 2147483647;
			files = (
				B423817D27DBED2C00E66E0F /* demoUITests.swift in Sources */,
				B423817F27DBED2C00E66E0F /* demoUITestsLaunchTests.swift in Sources */,
			);
			runOnlyForDeploymentPostprocessing = 0;
		};
/* End PBXSourcesBuildPhase section */

/* Begin PBXTargetDependency section */
		B423817027DBED2C00E66E0F /* PBXTargetDependency */ = {
			isa = PBXTargetDependency;
			target = B423815427DBED2B00E66E0F /* demo */;
			targetProxy = B423816F27DBED2C00E66E0F /* PBXContainerItemProxy */;
		};
		B423817A27DBED2C00E66E0F /* PBXTargetDependency */ = {
			isa = PBXTargetDependency;
			target = B423815427DBED2B00E66E0F /* demo */;
			targetProxy = B423817927DBED2C00E66E0F /* PBXContainerItemProxy */;
		};
/* End PBXTargetDependency section */

/* Begin PBXVariantGroup section */
		B423815E27DBED2B00E66E0F /* Main.storyboard */ = {
			isa = PBXVariantGroup;
			children = (
				B423815F27DBED2B00E66E0F /* Base */,
			);
			name = Main.storyboard;
			sourceTree = "<group>";
		};
		B423816627DBED2C00E66E0F /* LaunchScreen.storyboard */ = {
			isa = PBXVariantGroup;
			children = (
				B423816727DBED2C00E66E0F /* Base */,
			);
			name = LaunchScreen.storyboard;
			sourceTree = "<group>";
		};
/* End PBXVariantGroup section */

/* Begin XCBuildConfiguration section */
		B423818027DBED2C00E66E0F /* Debug */ = {
			isa = XCBuildConfiguration;
			buildSettings = {
				ALWAYS_SEARCH_USER_PATHS = NO;
				CLANG_ANALYZER_NONNULL = YES;
				CLANG_ANALYZER_NUMBER_OBJECT_CONVERSION = YES_AGGRESSIVE;
				CLANG_CXX_LANGUAGE_STANDARD = "gnu++17";
				CLANG_CXX_LIBRARY = "libc++";
				CLANG_ENABLE_MODULES = YES;
				CLANG_ENABLE_OBJC_ARC = YES;
				CLANG_ENABLE_OBJC_WEAK = YES;
				CLANG_WARN_BLOCK_CAPTURE_AUTORELEASING = YES;
				CLANG_WARN_BOOL_CONVERSION = YES;
				CLANG_WARN_COMMA = YES;
				CLANG_WARN_CONSTANT_CONVERSION = YES;
				CLANG_WARN_DEPRECATED_OBJC_IMPLEMENTATIONS = YES;
				CLANG_WARN_DIRECT_OBJC_ISA_USAGE = YES_ERROR;
				CLANG_WARN_DOCUMENTATION_COMMENTS = YES;
				CLANG_WARN_EMPTY_BODY = YES;
				CLANG_WARN_ENUM_CONVERSION = YES;
				CLANG_WARN_INFINITE_RECURSION = YES;
				CLANG_WARN_INT_CONVERSION = YES;
				CLANG_WARN_NON_LITERAL_NULL_CONVERSION = YES;
				CLANG_WARN_OBJC_IMPLICIT_RETAIN_SELF = YES;
				CLANG_WARN_OBJC_LITERAL_CONVERSION = YES;
				CLANG_WARN_OBJC_ROOT_CLASS = YES_ERROR;
				CLANG_WARN_QUOTED_INCLUDE_IN_FRAMEWORK_HEADER = YES;
				CLANG_WARN_RANGE_LOOP_ANALYSIS = YES;
				CLANG_WARN_STRICT_PROTOTYPES = YES;
				CLANG_WARN_SUSPICIOUS_MOVE = YES;
				CLANG_WARN_UNGUARDED_AVAILABILITY = YES_AGGRESSIVE;
				CLANG_WARN_UNREACHABLE_CODE = YES;
				CLANG_WARN__DUPLICATE_METHOD_MATCH = YES;
				COPY_PHASE_STRIP = NO;
				DEBUG_INFORMATION_FORMAT = dwarf;
				ENABLE_STRICT_OBJC_MSGSEND = YES;
				ENABLE_TESTABILITY = YES;
				GCC_C_LANGUAGE_STANDARD = gnu11;
				GCC_DYNAMIC_NO_PIC = NO;
				GCC_NO_COMMON_BLOCKS = YES;
				GCC_OPTIMIZATION_LEVEL = 0;
				GCC_PREPROCESSOR_DEFINITIONS = (
					"DEBUG=1",
					"$(inherited)",
				);
				GCC_WARN_64_TO_32_BIT_CONVERSION = YES;
				GCC_WARN_ABOUT_RETURN_TYPE = YES_ERROR;
				GCC_WARN_UNDECLARED_SELECTOR = YES;
				GCC_WARN_UNINITIALIZED_AUTOS = YES_AGGRESSIVE;
				GCC_WARN_UNUSED_FUNCTION = YES;
				GCC_WARN_UNUSED_VARIABLE = YES;
				IPHONEOS_DEPLOYMENT_TARGET = 15.2;
				MTL_ENABLE_DEBUG_INFO = INCLUDE_SOURCE;
				MTL_FAST_MATH = YES;
				ONLY_ACTIVE_ARCH = YES;
				SDKROOT = iphoneos;
				SWIFT_ACTIVE_COMPILATION_CONDITIONS = DEBUG;
				SWIFT_OPTIMIZATION_LEVEL = "-Onone";
			};
			name = Debug;
		};
		B423818127DBED2C00E66E0F /* Release */ = {
			isa = XCBuildConfiguration;
			buildSettings = {
				ALWAYS_SEARCH_USER_PATHS = NO;
				CLANG_ANALYZER_NONNULL = YES;
				CLANG_ANALYZER_NUMBER_OBJECT_CONVERSION = YES_AGGRESSIVE;
				CLANG_CXX_LANGUAGE_STANDARD = "gnu++17";
				CLANG_CXX_LIBRARY = "libc++";
				CLANG_ENABLE_MODULES = YES;
				CLANG_ENABLE_OBJC_ARC = YES;
				CLANG_ENABLE_OBJC_WEAK = YES;
				CLANG_WARN_BLOCK_CAPTURE_AUTORELEASING = YES;
				CLANG_WARN_BOOL_CONVERSION = YES;
				CLANG_WARN_COMMA = YES;
				CLANG_WARN_CONSTANT_CONVERSION = YES;
				CLANG_WARN_DEPRECATED_OBJC_IMPLEMENTATIONS = YES;
				CLANG_WARN_DIRECT_OBJC_ISA_USAGE = YES_ERROR;
				CLANG_WARN_DOCUMENTATION_COMMENTS = YES;
				CLANG_WARN_EMPTY_BODY = YES;
				CLANG_WARN_ENUM_CONVERSION = YES;
				CLANG_WARN_INFINITE_RECURSION = YES;
				CLANG_WARN_INT_CONVERSION = YES;
				CLANG_WARN_NON_LITERAL_NULL_CONVERSION = YES;
				CLANG_WARN_OBJC_IMPLICIT_RETAIN_SELF = YES;
				CLANG_WARN_OBJC_LITERAL_CONVERSION = YES;
				CLANG_WARN_OBJC_ROOT_CLASS = YES_ERROR;
				CLANG_WARN_QUOTED_INCLUDE_IN_FRAMEWORK_HEADER = YES;
				CLANG_WARN_RANGE_LOOP_ANALYSIS = YES;
				CLANG_WARN_STRICT_PROTOTYPES = YES;
				CLANG_WARN_SUSPICIOUS_MOVE = YES;
				CLANG_WARN_UNGUARDED_AVAILABILITY = YES_AGGRESSIVE;
				CLANG_WARN_UNREACHABLE_CODE = YES;
				CLANG_WARN__DUPLICATE_METHOD_MATCH = YES;
				COPY_PHASE_STRIP = NO;
				DEBUG_INFORMATION_FORMAT = "dwarf-with-dsym";
				ENABLE_NS_ASSERTIONS = NO;
				ENABLE_STRICT_OBJC_MSGSEND = YES;
				GCC_C_LANGUAGE_STANDARD = gnu11;
				GCC_NO_COMMON_BLOCKS = YES;
				GCC_WARN_64_TO_32_BIT_CONVERSION = YES;
				GCC_WARN_ABOUT_RETURN_TYPE = YES_ERROR;
				GCC_WARN_UNDECLARED_SELECTOR = YES;
				GCC_WARN_UNINITIALIZED_AUTOS = YES_AGGRESSIVE;
				GCC_WARN_UNUSED_FUNCTION = YES;
				GCC_WARN_UNUSED_VARIABLE = YES;
				IPHONEOS_DEPLOYMENT_TARGET = 15.2;
				MTL_ENABLE_DEBUG_INFO = NO;
				MTL_FAST_MATH = YES;
				SDKROOT = iphoneos;
				SWIFT_COMPILATION_MODE = wholemodule;
				SWIFT_OPTIMIZATION_LEVEL = "-O";
				VALIDATE_PRODUCT = YES;
			};
			name = Release;
		};
		B423818327DBED2C00E66E0F /* Debug */ = {
			isa = XCBuildConfiguration;
			buildSettings = {
				ASSETCATALOG_COMPILER_APPICON_NAME = AppIcon;
				ASSETCATALOG_COMPILER_GLOBAL_ACCENT_COLOR_NAME = AccentColor;
				CODE_SIGN_STYLE = Automatic;
				CURRENT_PROJECT_VERSION = 1;
				DEVELOPMENT_TEAM = DB97PD4D49;
				GENERATE_INFOPLIST_FILE = YES;
				INFOPLIST_FILE = demo/Info.plist;
				INFOPLIST_KEY_UIApplicationSupportsIndirectInputEvents = YES;
				INFOPLIST_KEY_UILaunchStoryboardName = LaunchScreen;
				INFOPLIST_KEY_UIMainStoryboardFile = Main;
				INFOPLIST_KEY_UISupportedInterfaceOrientations_iPad = "UIInterfaceOrientationPortrait UIInterfaceOrientationPortraitUpsideDown UIInterfaceOrientationLandscapeLeft UIInterfaceOrientationLandscapeRight";
				INFOPLIST_KEY_UISupportedInterfaceOrientations_iPhone = "UIInterfaceOrientationPortrait UIInterfaceOrientationLandscapeLeft UIInterfaceOrientationLandscapeRight";
				LD_RUNPATH_SEARCH_PATHS = (
					"$(inherited)",
					"@executable_path/Frameworks",
				);
				MARKETING_VERSION = 1.0;
				PRODUCT_BUNDLE_IDENTIFIER = com.kinjal.customcake.demo;
				PRODUCT_NAME = "$(TARGET_NAME)";
				SWIFT_EMIT_LOC_STRINGS = YES;
				SWIFT_VERSION = 5.0;
				TARGETED_DEVICE_FAMILY = "1,2";
			};
			name = Debug;
		};
		B423818427DBED2C00E66E0F /* Release */ = {
			isa = XCBuildConfiguration;
			buildSettings = {
				ASSETCATALOG_COMPILER_APPICON_NAME = AppIcon;
				ASSETCATALOG_COMPILER_GLOBAL_ACCENT_COLOR_NAME = AccentColor;
				CODE_SIGN_STYLE = Automatic;
				CURRENT_PROJECT_VERSION = 1;
				DEVELOPMENT_TEAM = DB97PD4D49;
				GENERATE_INFOPLIST_FILE = YES;
				INFOPLIST_FILE = demo/Info.plist;
				INFOPLIST_KEY_UIApplicationSupportsIndirectInputEvents = YES;
				INFOPLIST_KEY_UILaunchStoryboardName = LaunchScreen;
				INFOPLIST_KEY_UIMainStoryboardFile = Main;
				INFOPLIST_KEY_UISupportedInterfaceOrientations_iPad = "UIInterfaceOrientationPortrait UIInterfaceOrientationPortraitUpsideDown UIInterfaceOrientationLandscapeLeft UIInterfaceOrientationLandscapeRight";
				INFOPLIST_KEY_UISupportedInterfaceOrientations_iPhone = "UIInterfaceOrientationPortrait UIInterfaceOrientationLandscapeLeft UIInterfaceOrientationLandscapeRight";
				LD_RUNPATH_SEARCH_PATHS = (
					"$(inherited)",
					"@executable_path/Frameworks",
				);
				MARKETING_VERSION = 1.0;
				PRODUCT_BUNDLE_IDENTIFIER = com.kinjal.customcake.demo;
				PRODUCT_NAME = "$(TARGET_NAME)";
				SWIFT_EMIT_LOC_STRINGS = YES;
				SWIFT_VERSION = 5.0;
				TARGETED_DEVICE_FAMILY = "1,2";
			};
			name = Release;
		};
		B423818627DBED2C00E66E0F /* Debug */ = {
			isa = XCBuildConfiguration;
			buildSettings = {
				ALWAYS_EMBED_SWIFT_STANDARD_LIBRARIES = YES;
				BUNDLE_LOADER = "$(TEST_HOST)";
				CODE_SIGN_STYLE = Automatic;
				CURRENT_PROJECT_VERSION = 1;
				DEVELOPMENT_TEAM = DB97PD4D49;
				GENERATE_INFOPLIST_FILE = YES;
				IPHONEOS_DEPLOYMENT_TARGET = 15.2;
				MARKETING_VERSION = 1.0;
				PRODUCT_BUNDLE_IDENTIFIER = com.kinjal.customcake.demoTests;
				PRODUCT_NAME = "$(TARGET_NAME)";
				SWIFT_EMIT_LOC_STRINGS = NO;
				SWIFT_VERSION = 5.0;
				TARGETED_DEVICE_FAMILY = "1,2";
				TEST_HOST = "$(BUILT_PRODUCTS_DIR)/demo.app/demo";
			};
			name = Debug;
		};
		B423818727DBED2C00E66E0F /* Release */ = {
			isa = XCBuildConfiguration;
			buildSettings = {
				ALWAYS_EMBED_SWIFT_STANDARD_LIBRARIES = YES;
				BUNDLE_LOADER = "$(TEST_HOST)";
				CODE_SIGN_STYLE = Automatic;
				CURRENT_PROJECT_VERSION = 1;
				DEVELOPMENT_TEAM = DB97PD4D49;
				GENERATE_INFOPLIST_FILE = YES;
				IPHONEOS_DEPLOYMENT_TARGET = 15.2;
				MARKETING_VERSION = 1.0;
				PRODUCT_BUNDLE_IDENTIFIER = com.kinjal.customcake.demoTests;
				PRODUCT_NAME = "$(TARGET_NAME)";
				SWIFT_EMIT_LOC_STRINGS = NO;
				SWIFT_VERSION = 5.0;
				TARGETED_DEVICE_FAMILY = "1,2";
				TEST_HOST = "$(BUILT_PRODUCTS_DIR)/demo.app/demo";
			};
			name = Release;
		};
		B423818927DBED2C00E66E0F /* Debug */ = {
			isa = XCBuildConfiguration;
			buildSettings = {
				ALWAYS_EMBED_SWIFT_STANDARD_LIBRARIES = YES;
				CODE_SIGN_STYLE = Automatic;
				CURRENT_PROJECT_VERSION = 1;
				DEVELOPMENT_TEAM = DB97PD4D49;
				GENERATE_INFOPLIST_FILE = YES;
				MARKETING_VERSION = 1.0;
				PRODUCT_BUNDLE_IDENTIFIER = com.kinjal.customcake.demoUITests;
				PRODUCT_NAME = "$(TARGET_NAME)";
				SWIFT_EMIT_LOC_STRINGS = NO;
				SWIFT_VERSION = 5.0;
				TARGETED_DEVICE_FAMILY = "1,2";
				TEST_TARGET_NAME = demo;
			};
			name = Debug;
		};
		B423818A27DBED2C00E66E0F /* Release */ = {
			isa = XCBuildConfiguration;
			buildSettings = {
				ALWAYS_EMBED_SWIFT_STANDARD_LIBRARIES = YES;
				CODE_SIGN_STYLE = Automatic;
				CURRENT_PROJECT_VERSION = 1;
				DEVELOPMENT_TEAM = DB97PD4D49;
				GENERATE_INFOPLIST_FILE = YES;
				MARKETING_VERSION = 1.0;
				PRODUCT_BUNDLE_IDENTIFIER = com.kinjal.customcake.demoUITests;
				PRODUCT_NAME = "$(TARGET_NAME)";
				SWIFT_EMIT_LOC_STRINGS = NO;
				SWIFT_VERSION = 5.0;
				TARGETED_DEVICE_FAMILY = "1,2";
				TEST_TARGET_NAME = demo;
			};
			name = Release;
		};
/* End XCBuildConfiguration section */

/* Begin XCConfigurationList section */
		B423815027DBED2B00E66E0F /* Build configuration list for PBXProject "demo" */ = {
			isa = XCConfigurationList;
			buildConfigurations = (
				B423818027DBED2C00E66E0F /* Debug */,
				B423818127DBED2C00E66E0F /* Release */,
			);
			defaultConfigurationIsVisible = 0;
			defaultConfigurationName = Release;
		};
		B423818227DBED2C00E66E0F /* Build configuration list for PBXNativeTarget "demo" */ = {
			isa = XCConfigurationList;
			buildConfigurations = (
				B423818327DBED2C00E66E0F /* Debug */,
				B423818427DBED2C00E66E0F /* Release */,
			);
			defaultConfigurationIsVisible = 0;
			defaultConfigurationName = Release;
		};
		B423818527DBED2C00E66E0F /* Build configuration list for PBXNativeTarget "demoTests" */ = {
			isa = XCConfigurationList;
			buildConfigurations = (
				B423818627DBED2C00E66E0F /* Debug */,
				B423818727DBED2C00E66E0F /* Release */,
			);
			defaultConfigurationIsVisible = 0;
			defaultConfigurationName = Release;
		};
		B423818827DBED2C00E66E0F /* Build configuration list for PBXNativeTarget "demoUITests" */ = {
			isa = XCConfigurationList;
			buildConfigurations = (
				B423818927DBED2C00E66E0F /* Debug */,
				B423818A27DBED2C00E66E0F /* Release */,
			);
			defaultConfigurationIsVisible = 0;
			defaultConfigurationName = Release;
		};
/* End XCConfigurationList section */

/* Begin XCVersionGroup section */
		B423816127DBED2B00E66E0F /* demo.xcdatamodeld */ = {
			isa = XCVersionGroup;
			children = (
				B423816227DBED2B00E66E0F /* demo.xcdatamodel */,
			);
			currentVersion = B423816227DBED2B00E66E0F /* demo.xcdatamodel */;
			path = demo.xcdatamodeld;
			sourceTree = "<group>";
			versionGroupType = wrapper.xcdatamodel;
		};
/* End XCVersionGroup section */
	};
	rootObject = B423814D27DBED2B00E66E0F /* Project object */;
}
